<?xml version="1.0" encoding="UTF-8" standalone="yes" ?>
<CodeBlocks_project_file>
	<FileVersion major="1" minor="6" />
	<Project>
		<Option title="nrogue" />
		<Option pch_mode="2" />
		<Option compiler="gcc" />
		<Build>
			<Target title="Debug">
				<Option output="bin/Debug/nrogue" prefix_auto="1" extension_auto="1" />
				<Option object_output="obj/Debug/" />
				<Option type="1" />
				<Option compiler="gcc" />
				<Compiler>
					<Add option="-g" />
				</Compiler>
			</Target>
			<Target title="Release">
				<Option output="bin/Release/nrogue" prefix_auto="1" extension_auto="1" />
				<Option object_output="obj/Release/" />
				<Option type="1" />
				<Option compiler="gcc" />
				<Compiler>
					<Add option="-O2" />
				</Compiler>
				<Linker>
					<Add option="-s" />
				</Linker>
			</Target>
		</Build>
		<Compiler>
			<Add option="-Wall" />
		</Compiler>
		<Linker>
			<Add library="ncurses" />
		</Linker>
		<Unit filename="CMakeLists.txt" />
		<Unit filename="colorpair.h" />
		<Unit filename="compile.sh" />
		<Unit filename="constants.h" />
		<Unit filename="game-object.h" />
		<Unit filename="main.cpp" />
		<Unit filename="map.cpp" />
		<Unit filename="map.h" />
		<Unit filename="nrogue.cbp" />
		<Unit filename="nrogue.layout" />
		<Unit filename="printer.cpp" />
		<Unit filename="printer.h" />
		<Unit filename="rect.h" />
		<Unit filename="singleton.h" />
		<Unit filename="tile.h" />
		<Unit filename="util.h" />
		<Extensions>
			<code_completion />
			<debugger />
		</Extensions>
	</Project>
</CodeBlocks_project_file>
